// !$*UTF8*$!
{
	archiveVersion = 1;
	classes = {
	};
	objectVersion = 55;
	objects = {

/* Begin PBXBuildFile section */
		89CFF4AE2949A2A300808FB3 /* AppDelegate.swift in Sources */ = {isa = PBXBuildFile; fileRef = 89CFF4AD2949A2A300808FB3 /* AppDelegate.swift */; };
		89CFF4B02949A2A300808FB3 /* SceneDelegate.swift in Sources */ = {isa = PBXBuildFile; fileRef = 89CFF4AF2949A2A300808FB3 /* SceneDelegate.swift */; };
		89CFF4B22949A2A300808FB3 /* ViewController.swift in Sources */ = {isa = PBXBuildFile; fileRef = 89CFF4B12949A2A300808FB3 /* ViewController.swift */; };
		89CFF4B52949A2A300808FB3 /* Main.storyboard in Resources */ = {isa = PBXBuildFile; fileRef = 89CFF4B32949A2A300808FB3 /* Main.storyboard */; };
		89CFF4B82949A2A300808FB3 /* CoreDataTest.xcdatamodeld in Sources */ = {isa = PBXBuildFile; fileRef = 89CFF4B62949A2A300808FB3 /* CoreDataTest.xcdatamodeld */; };
		89CFF4BA2949A2A400808FB3 /* Assets.xcassets in Resources */ = {isa = PBXBuildFile; fileRef = 89CFF4B92949A2A400808FB3 /* Assets.xcassets */; };
		89CFF4BD2949A2A400808FB3 /* LaunchScreen.storyboard in Resources */ = {isa = PBXBuildFile; fileRef = 89CFF4BB2949A2A400808FB3 /* LaunchScreen.storyboard */; };
		89CFF4C82949A2A500808FB3 /* CoreDataTestTests.swift in Sources */ = {isa = PBXBuildFile; fileRef = 89CFF4C72949A2A500808FB3 /* CoreDataTestTests.swift */; };
		89CFF4D22949A2A500808FB3 /* CoreDataTestUITests.swift in Sources */ = {isa = PBXBuildFile; fileRef = 89CFF4D12949A2A500808FB3 /* CoreDataTestUITests.swift */; };
		89CFF4D42949A2A500808FB3 /* CoreDataTestUITestsLaunchTests.swift in Sources */ = {isa = PBXBuildFile; fileRef = 89CFF4D32949A2A500808FB3 /* CoreDataTestUITestsLaunchTests.swift */; };
/* End PBXBuildFile section */

/* Begin PBXContainerItemProxy section */
		89CFF4C42949A2A500808FB3 /* PBXContainerItemProxy */ = {
			isa = PBXContainerItemProxy;
			containerPortal = 89CFF4A22949A2A300808FB3 /* Project object */;
			proxyType = 1;
			remoteGlobalIDString = 89CFF4A92949A2A300808FB3;
			remoteInfo = CoreDataTest;
		};
		89CFF4CE2949A2A500808FB3 /* PBXContainerItemProxy */ = {
			isa = PBXContainerItemProxy;
			containerPortal = 89CFF4A22949A2A300808FB3 /* Project object */;
			proxyType = 1;
			remoteGlobalIDString = 89CFF4A92949A2A300808FB3;
			remoteInfo = CoreDataTest;
		};
/* End PBXContainerItemProxy section */

/* Begin PBXFileReference section */
		89CFF4AA2949A2A300808FB3 /* CoreDataTest.app */ = {isa = PBXFileReference; explicitFileType = wrapper.application; includeInIndex = 0; path = CoreDataTest.app; sourceTree = BUILT_PRODUCTS_DIR; };
		89CFF4AD2949A2A300808FB3 /* AppDelegate.swift */ = {isa = PBXFileReference; lastKnownFileType = sourcecode.swift; path = AppDelegate.swift; sourceTree = "<group>"; };
		89CFF4AF2949A2A300808FB3 /* SceneDelegate.swift */ = {isa = PBXFileReference; lastKnownFileType = sourcecode.swift; path = SceneDelegate.swift; sourceTree = "<group>"; };
		89CFF4B12949A2A300808FB3 /* ViewController.swift */ = {isa = PBXFileReference; lastKnownFileType = sourcecode.swift; path = ViewController.swift; sourceTree = "<group>"; };
		89CFF4B42949A2A300808FB3 /* Base */ = {isa = PBXFileReference; lastKnownFileType = file.storyboard; name = Base; path = Base.lproj/Main.storyboard; sourceTree = "<group>"; };
		89CFF4B72949A2A300808FB3 /* CoreDataTest.xcdatamodel */ = {isa = PBXFileReference; lastKnownFileType = wrapper.xcdatamodel; path = CoreDataTest.xcdatamodel; sourceTree = "<group>"; };
		89CFF4B92949A2A400808FB3 /* Assets.xcassets */ = {isa = PBXFileReference; lastKnownFileType = folder.assetcatalog; path = Assets.xcassets; sourceTree = "<group>"; };
		89CFF4BC2949A2A400808FB3 /* Base */ = {isa = PBXFileReference; lastKnownFileType = file.storyboard; name = Base; path = Base.lproj/LaunchScreen.storyboard; sourceTree = "<group>"; };
		89CFF4BE2949A2A400808FB3 /* Info.plist */ = {isa = PBXFileReference; lastKnownFileType = text.plist.xml; path = Info.plist; sourceTree = "<group>"; };
		89CFF4C32949A2A500808FB3 /* CoreDataTestTests.xctest */ = {isa = PBXFileReference; explicitFileType = wrapper.cfbundle; includeInIndex = 0; path = CoreDataTestTests.xctest; sourceTree = BUILT_PRODUCTS_DIR; };
		89CFF4C72949A2A500808FB3 /* CoreDataTestTests.swift */ = {isa = PBXFileReference; lastKnownFileType = sourcecode.swift; path = CoreDataTestTests.swift; sourceTree = "<group>"; };
		89CFF4CD2949A2A500808FB3 /* CoreDataTestUITests.xctest */ = {isa = PBXFileReference; explicitFileType = wrapper.cfbundle; includeInIndex = 0; path = CoreDataTestUITests.xctest; sourceTree = BUILT_PRODUCTS_DIR; };
		89CFF4D12949A2A500808FB3 /* CoreDataTestUITests.swift */ = {isa = PBXFileReference; lastKnownFileType = sourcecode.swift; path = CoreDataTestUITests.swift; sourceTree = "<group>"; };
		89CFF4D32949A2A500808FB3 /* CoreDataTestUITestsLaunchTests.swift */ = {isa = PBXFileReference; lastKnownFileType = sourcecode.swift; path = CoreDataTestUITestsLaunchTests.swift; sourceTree = "<group>"; };
/* End PBXFileReference section */

/* Begin PBXFrameworksBuildPhase section */
		89CFF4A72949A2A300808FB3 /* Frameworks */ = {
			isa = PBXFrameworksBuildPhase;
			buildActionMask = 2147483647;
			files = (
			);
			runOnlyForDeploymentPostprocessing = 0;
		};
		89CFF4C02949A2A500808FB3 /* Frameworks */ = {
			isa = PBXFrameworksBuildPhase;
			buildActionMask = 2147483647;
			files = (
			);
			runOnlyForDeploymentPostprocessing = 0;
		};
		89CFF4CA2949A2A500808FB3 /* Frameworks */ = {
			isa = PBXFrameworksBuildPhase;
			buildActionMask = 2147483647;
			files = (
			);
			runOnlyForDeploymentPostprocessing = 0;
		};
/* End PBXFrameworksBuildPhase section */

/* Begin PBXGroup section */
		89CFF4A12949A2A300808FB3 = {
			isa = PBXGroup;
			children = (
				89CFF4AC2949A2A300808FB3 /* CoreDataTest */,
				89CFF4C62949A2A500808FB3 /* CoreDataTestTests */,
				89CFF4D02949A2A500808FB3 /* CoreDataTestUITests */,
				89CFF4AB2949A2A300808FB3 /* Products */,
			);
			sourceTree = "<group>";
		};
		89CFF4AB2949A2A300808FB3 /* Products */ = {
			isa = PBXGroup;
			children = (
				89CFF4AA2949A2A300808FB3 /* CoreDataTest.app */,
				89CFF4C32949A2A500808FB3 /* CoreDataTestTests.xctest */,
				89CFF4CD2949A2A500808FB3 /* CoreDataTestUITests.xctest */,
			);
			name = Products;
			sourceTree = "<group>";
		};
		89CFF4AC2949A2A300808FB3 /* CoreDataTest */ = {
			isa = PBXGroup;
			children = (
				89CFF4AD2949A2A300808FB3 /* AppDelegate.swift */,
				89CFF4AF2949A2A300808FB3 /* SceneDelegate.swift */,
				89CFF4B12949A2A300808FB3 /* ViewController.swift */,
				89CFF4B32949A2A300808FB3 /* Main.storyboard */,
				89CFF4B92949A2A400808FB3 /* Assets.xcassets */,
				89CFF4BB2949A2A400808FB3 /* LaunchScreen.storyboard */,
				89CFF4BE2949A2A400808FB3 /* Info.plist */,
				89CFF4B62949A2A300808FB3 /* CoreDataTest.xcdatamodeld */,
			);
			path = CoreDataTest;
			sourceTree = "<group>";
		};
		89CFF4C62949A2A500808FB3 /* CoreDataTestTests */ = {
			isa = PBXGroup;
			children = (
				89CFF4C72949A2A500808FB3 /* CoreDataTestTests.swift */,
			);
			path = CoreDataTestTests;
			sourceTree = "<group>";
		};
		89CFF4D02949A2A500808FB3 /* CoreDataTestUITests */ = {
			isa = PBXGroup;
			children = (
				89CFF4D12949A2A500808FB3 /* CoreDataTestUITests.swift */,
				89CFF4D32949A2A500808FB3 /* CoreDataTestUITestsLaunchTests.swift */,
			);
			path = CoreDataTestUITests;
			sourceTree = "<group>";
		};
/* End PBXGroup section */

/* Begin PBXNativeTarget section */
		89CFF4A92949A2A300808FB3 /* CoreDataTest */ = {
			isa = PBXNativeTarget;
			buildConfigurationList = 89CFF4D72949A2A500808FB3 /* Build configuration list for PBXNativeTarget "CoreDataTest" */;
			buildPhases = (
				89CFF4A62949A2A300808FB3 /* Sources */,
				89CFF4A72949A2A300808FB3 /* Frameworks */,
				89CFF4A82949A2A300808FB3 /* Resources */,
			);
			buildRules = (
			);
			dependencies = (
			);
			name = CoreDataTest;
			productName = CoreDataTest;
			productReference = 89CFF4AA2949A2A300808FB3 /* CoreDataTest.app */;
			productType = "com.apple.product-type.application";
		};
		89CFF4C22949A2A500808FB3 /* CoreDataTestTests */ = {
			isa = PBXNativeTarget;
			buildConfigurationList = 89CFF4DA2949A2A500808FB3 /* Build configuration list for PBXNativeTarget "CoreDataTestTests" */;
			buildPhases = (
				89CFF4BF2949A2A500808FB3 /* Sources */,
				89CFF4C02949A2A500808FB3 /* Frameworks */,
				89CFF4C12949A2A500808FB3 /* Resources */,
			);
			buildRules = (
			);
			dependencies = (
				89CFF4C52949A2A500808FB3 /* PBXTargetDependency */,
			);
			name = CoreDataTestTests;
			productName = CoreDataTestTests;
			productReference = 89CFF4C32949A2A500808FB3 /* CoreDataTestTests.xctest */;
			productType = "com.apple.product-type.bundle.unit-test";
		};
		89CFF4CC2949A2A500808FB3 /* CoreDataTestUITests */ = {
			isa = PBXNativeTarget;
			buildConfigurationList = 89CFF4DD2949A2A500808FB3 /* Build configuration list for PBXNativeTarget "CoreDataTestUITests" */;
			buildPhases = (
				89CFF4C92949A2A500808FB3 /* Sources */,
				89CFF4CA2949A2A500808FB3 /* Frameworks */,
				89CFF4CB2949A2A500808FB3 /* Resources */,
			);
			buildRules = (
			);
			dependencies = (
				89CFF4CF2949A2A500808FB3 /* PBXTargetDependency */,
			);
			name = CoreDataTestUITests;
			productName = CoreDataTestUITests;
			productReference = 89CFF4CD2949A2A500808FB3 /* CoreDataTestUITests.xctest */;
			productType = "com.apple.product-type.bundle.ui-testing";
		};
/* End PBXNativeTarget section */

/* Begin PBXProject section */
		89CFF4A22949A2A300808FB3 /* Project object */ = {
			isa = PBXProject;
			attributes = {
				BuildIndependentTargetsInParallel = 1;
				LastSwiftUpdateCheck = 1340;
				LastUpgradeCheck = 1340;
				TargetAttributes = {
					89CFF4A92949A2A300808FB3 = {
						CreatedOnToolsVersion = 13.4.1;
					};
					89CFF4C22949A2A500808FB3 = {
						CreatedOnToolsVersion = 13.4.1;
						TestTargetID = 89CFF4A92949A2A300808FB3;
					};
					89CFF4CC2949A2A500808FB3 = {
						CreatedOnToolsVersion = 13.4.1;
						TestTargetID = 89CFF4A92949A2A300808FB3;
					};
				};
			};
			buildConfigurationList = 89CFF4A52949A2A300808FB3 /* Build configuration list for PBXProject "CoreDataTest" */;
			compatibilityVersion = "Xcode 13.0";
			developmentRegion = en;
			hasScannedForEncodings = 0;
			knownRegions = (
				en,
				Base,
			);
			mainGroup = 89CFF4A12949A2A300808FB3;
			productRefGroup = 89CFF4AB2949A2A300808FB3 /* Products */;
			projectDirPath = "";
			projectRoot = "";
			targets = (
				89CFF4A92949A2A300808FB3 /* CoreDataTest */,
				89CFF4C22949A2A500808FB3 /* CoreDataTestTests */,
				89CFF4CC2949A2A500808FB3 /* CoreDataTestUITests */,
			);
		};
/* End PBXProject section */

/* Begin PBXResourcesBuildPhase section */
		89CFF4A82949A2A300808FB3 /* Resources */ = {
			isa = PBXResourcesBuildPhase;
			buildActionMask = 2147483647;
			files = (
				89CFF4BD2949A2A400808FB3 /* LaunchScreen.storyboard in Resources */,
				89CFF4BA2949A2A400808FB3 /* Assets.xcassets in Resources */,
				89CFF4B52949A2A300808FB3 /* Main.storyboard in Resources */,
			);
			runOnlyForDeploymentPostprocessing = 0;
		};
		89CFF4C12949A2A500808FB3 /* Resources */ = {
			isa = PBXResourcesBuildPhase;
			buildActionMask = 2147483647;
			files = (
			);
			runOnlyForDeploymentPostprocessing = 0;
		};
		89CFF4CB2949A2A500808FB3 /* Resources */ = {
			isa = PBXResourcesBuildPhase;
			buildActionMask = 2147483647;
			files = (
			);
			runOnlyForDeploymentPostprocessing = 0;
		};
/* End PBXResourcesBuildPhase section */

/* Begin PBXSourcesBuildPhase section */
		89CFF4A62949A2A300808FB3 /* Sources */ = {
			isa = PBXSourcesBuildPhase;
			buildActionMask = 2147483647;
			files = (
				89CFF4B82949A2A300808FB3 /* CoreDataTest.xcdatamodeld in Sources */,
				89CFF4B22949A2A300808FB3 /* ViewController.swift in Sources */,
				89CFF4AE2949A2A300808FB3 /* AppDelegate.swift in Sources */,
				89CFF4B02949A2A300808FB3 /* SceneDelegate.swift in Sources */,
			);
			runOnlyForDeploymentPostprocessing = 0;
		};
		89CFF4BF2949A2A500808FB3 /* Sources */ = {
			isa = PBXSourcesBuildPhase;
			buildActionMask = 2147483647;
			files = (
				89CFF4C82949A2A500808FB3 /* CoreDataTestTests.swift in Sources */,
			);
			runOnlyForDeploymentPostprocessing = 0;
		};
		89CFF4C92949A2A500808FB3 /* Sources */ = {
			isa = PBXSourcesBuildPhase;
			buildActionMask = 2147483647;
			files = (
				89CFF4D22949A2A500808FB3 /* CoreDataTestUITests.swift in Sources */,
				89CFF4D42949A2A500808FB3 /* CoreDataTestUITestsLaunchTests.swift in Sources */,
			);
			runOnlyForDeploymentPostprocessing = 0;
		};
/* End PBXSourcesBuildPhase section */

/* Begin PBXTargetDependency section */
		89CFF4C52949A2A500808FB3 /* PBXTargetDependency */ = {
			isa = PBXTargetDependency;
			target = 89CFF4A92949A2A300808FB3 /* CoreDataTest */;
			targetProxy = 89CFF4C42949A2A500808FB3 /* PBXContainerItemProxy */;
		};
		89CFF4CF2949A2A500808FB3 /* PBXTargetDependency */ = {
			isa = PBXTargetDependency;
			target = 89CFF4A92949A2A300808FB3 /* CoreDataTest */;
			targetProxy = 89CFF4CE2949A2A500808FB3 /* PBXContainerItemProxy */;
		};
/* End PBXTargetDependency section */

/* Begin PBXVariantGroup section */
		89CFF4B32949A2A300808FB3 /* Main.storyboard */ = {
			isa = PBXVariantGroup;
			children = (
				89CFF4B42949A2A300808FB3 /* Base */,
			);
			name = Main.storyboard;
			sourceTree = "<group>";
		};
		89CFF4BB2949A2A400808FB3 /* LaunchScreen.storyboard */ = {
			isa = PBXVariantGroup;
			children = (
				89CFF4BC2949A2A400808FB3 /* Base */,
			);
			name = LaunchScreen.storyboard;
			sourceTree = "<group>";
		};
/* End PBXVariantGroup section */

/* Begin XCBuildConfiguration section */
		89CFF4D52949A2A500808FB3 /* Debug */ = {
			isa = XCBuildConfiguration;
			buildSettings = {
				ALWAYS_SEARCH_USER_PATHS = NO;
				CLANG_ANALYZER_NONNULL = YES;
				CLANG_ANALYZER_NUMBER_OBJECT_CONVERSION = YES_AGGRESSIVE;
				CLANG_CXX_LANGUAGE_STANDARD = "gnu++17";
				CLANG_ENABLE_MODULES = YES;
				CLANG_ENABLE_OBJC_ARC = YES;
				CLANG_ENABLE_OBJC_WEAK = YES;
				CLANG_WARN_BLOCK_CAPTURE_AUTORELEASING = YES;
				CLANG_WARN_BOOL_CONVERSION = YES;
				CLANG_WARN_COMMA = YES;
				CLANG_WARN_CONSTANT_CONVERSION = YES;
				CLANG_WARN_DEPRECATED_OBJC_IMPLEMENTATIONS = YES;
				CLANG_WARN_DIRECT_OBJC_ISA_USAGE = YES_ERROR;
				CLANG_WARN_DOCUMENTATION_COMMENTS = YES;
				CLANG_WARN_EMPTY_BODY = YES;
				CLANG_WARN_ENUM_CONVERSION = YES;
				CLANG_WARN_INFINITE_RECURSION = YES;
				CLANG_WARN_INT_CONVERSION = YES;
				CLANG_WARN_NON_LITERAL_NULL_CONVERSION = YES;
				CLANG_WARN_OBJC_IMPLICIT_RETAIN_SELF = YES;
				CLANG_WARN_OBJC_LITERAL_CONVERSION = YES;
				CLANG_WARN_OBJC_ROOT_CLASS = YES_ERROR;
				CLANG_WARN_QUOTED_INCLUDE_IN_FRAMEWORK_HEADER = YES;
				CLANG_WARN_RANGE_LOOP_ANALYSIS = YES;
				CLANG_WARN_STRICT_PROTOTYPES = YES;
				CLANG_WARN_SUSPICIOUS_MOVE = YES;
				CLANG_WARN_UNGUARDED_AVAILABILITY = YES_AGGRESSIVE;
				CLANG_WARN_UNREACHABLE_CODE = YES;
				CLANG_WARN__DUPLICATE_METHOD_MATCH = YES;
				COPY_PHASE_STRIP = NO;
				DEBUG_INFORMATION_FORMAT = dwarf;
				ENABLE_STRICT_OBJC_MSGSEND = YES;
				ENABLE_TESTABILITY = YES;
				GCC_C_LANGUAGE_STANDARD = gnu11;
				GCC_DYNAMIC_NO_PIC = NO;
				GCC_NO_COMMON_BLOCKS = YES;
				GCC_OPTIMIZATION_LEVEL = 0;
				GCC_PREPROCESSOR_DEFINITIONS = (
					"DEBUG=1",
					"$(inherited)",
				);
				GCC_WARN_64_TO_32_BIT_CONVERSION = YES;
				GCC_WARN_ABOUT_RETURN_TYPE = YES_ERROR;
				GCC_WARN_UNDECLARED_SELECTOR = YES;
				GCC_WARN_UNINITIALIZED_AUTOS = YES_AGGRESSIVE;
				GCC_WARN_UNUSED_FUNCTION = YES;
				GCC_WARN_UNUSED_VARIABLE = YES;
				IPHONEOS_DEPLOYMENT_TARGET = 15.5;
				MTL_ENABLE_DEBUG_INFO = INCLUDE_SOURCE;
				MTL_FAST_MATH = YES;
				ONLY_ACTIVE_ARCH = YES;
				SDKROOT = iphoneos;
				SWIFT_ACTIVE_COMPILATION_CONDITIONS = DEBUG;
				SWIFT_OPTIMIZATION_LEVEL = "-Onone";
			};
			name = Debug;
		};
		89CFF4D62949A2A500808FB3 /* Release */ = {
			isa = XCBuildConfiguration;
			buildSettings = {
				ALWAYS_SEARCH_USER_PATHS = NO;
				CLANG_ANALYZER_NONNULL = YES;
				CLANG_ANALYZER_NUMBER_OBJECT_CONVERSION = YES_AGGRESSIVE;
				CLANG_CXX_LANGUAGE_STANDARD = "gnu++17";
				CLANG_ENABLE_MODULES = YES;
				CLANG_ENABLE_OBJC_ARC = YES;
				CLANG_ENABLE_OBJC_WEAK = YES;
				CLANG_WARN_BLOCK_CAPTURE_AUTORELEASING = YES;
				CLANG_WARN_BOOL_CONVERSION = YES;
				CLANG_WARN_COMMA = YES;
				CLANG_WARN_CONSTANT_CONVERSION = YES;
				CLANG_WARN_DEPRECATED_OBJC_IMPLEMENTATIONS = YES;
				CLANG_WARN_DIRECT_OBJC_ISA_USAGE = YES_ERROR;
				CLANG_WARN_DOCUMENTATION_COMMENTS = YES;
				CLANG_WARN_EMPTY_BODY = YES;
				CLANG_WARN_ENUM_CONVERSION = YES;
				CLANG_WARN_INFINITE_RECURSION = YES;
				CLANG_WARN_INT_CONVERSION = YES;
				CLANG_WARN_NON_LITERAL_NULL_CONVERSION = YES;
				CLANG_WARN_OBJC_IMPLICIT_RETAIN_SELF = YES;
				CLANG_WARN_OBJC_LITERAL_CONVERSION = YES;
				CLANG_WARN_OBJC_ROOT_CLASS = YES_ERROR;
				CLANG_WARN_QUOTED_INCLUDE_IN_FRAMEWORK_HEADER = YES;
				CLANG_WARN_RANGE_LOOP_ANALYSIS = YES;
				CLANG_WARN_STRICT_PROTOTYPES = YES;
				CLANG_WARN_SUSPICIOUS_MOVE = YES;
				CLANG_WARN_UNGUARDED_AVAILABILITY = YES_AGGRESSIVE;
				CLANG_WARN_UNREACHABLE_CODE = YES;
				CLANG_WARN__DUPLICATE_METHOD_MATCH = YES;
				COPY_PHASE_STRIP = NO;
				DEBUG_INFORMATION_FORMAT = "dwarf-with-dsym";
				ENABLE_NS_ASSERTIONS = NO;
				ENABLE_STRICT_OBJC_MSGSEND = YES;
				GCC_C_LANGUAGE_STANDARD = gnu11;
				GCC_NO_COMMON_BLOCKS = YES;
				GCC_WARN_64_TO_32_BIT_CONVERSION = YES;
				GCC_WARN_ABOUT_RETURN_TYPE = YES_ERROR;
				GCC_WARN_UNDECLARED_SELECTOR = YES;
				GCC_WARN_UNINITIALIZED_AUTOS = YES_AGGRESSIVE;
				GCC_WARN_UNUSED_FUNCTION = YES;
				GCC_WARN_UNUSED_VARIABLE = YES;
				IPHONEOS_DEPLOYMENT_TARGET = 15.5;
				MTL_ENABLE_DEBUG_INFO = NO;
				MTL_FAST_MATH = YES;
				SDKROOT = iphoneos;
				SWIFT_COMPILATION_MODE = wholemodule;
				SWIFT_OPTIMIZATION_LEVEL = "-O";
				VALIDATE_PRODUCT = YES;
			};
			name = Release;
		};
		89CFF4D82949A2A500808FB3 /* Debug */ = {
			isa = XCBuildConfiguration;
			buildSettings = {
				ASSETCATALOG_COMPILER_APPICON_NAME = AppIcon;
				ASSETCATALOG_COMPILER_GLOBAL_ACCENT_COLOR_NAME = AccentColor;
				CODE_SIGN_STYLE = Automatic;
				CURRENT_PROJECT_VERSION = 1;
				DEVELOPMENT_TEAM = W28WX8W2PV;
				GENERATE_INFOPLIST_FILE = YES;
				INFOPLIST_FILE = CoreDataTest/Info.plist;
				INFOPLIST_KEY_UIApplicationSupportsIndirectInputEvents = YES;
				INFOPLIST_KEY_UILaunchStoryboardName = LaunchScreen;
				INFOPLIST_KEY_UIMainStoryboardFile = Main;
				INFOPLIST_KEY_UISupportedInterfaceOrientations_iPad = "UIInterfaceOrientationPortrait UIInterfaceOrientationPortraitUpsideDown UIInterfaceOrientationLandscapeLeft UIInterfaceOrientationLandscapeRight";
				INFOPLIST_KEY_UISupportedInterfaceOrientations_iPhone = "UIInterfaceOrientationPortrait UIInterfaceOrientationLandscapeLeft UIInterfaceOrientationLandscapeRight";
				LD_RUNPATH_SEARCH_PATHS = (
					"$(inherited)",
					"@executable_path/Frameworks",
				);
				MARKETING_VERSION = 1.0;
				PRODUCT_BUNDLE_IDENTIFIER = com.habv90.coreDataTest.CoreDataTest;
				PRODUCT_NAME = "$(TARGET_NAME)";
				SWIFT_EMIT_LOC_STRINGS = YES;
				SWIFT_VERSION = 5.0;
				TARGETED_DEVICE_FAMILY = "1,2";
			};
			name = Debug;
		};
		89CFF4D92949A2A500808FB3 /* Release */ = {
			isa = XCBuildConfiguration;
			buildSettings = {
				ASSETCATALOG_COMPILER_APPICON_NAME = AppIcon;
				ASSETCATALOG_COMPILER_GLOBAL_ACCENT_COLOR_NAME = AccentColor;
				CODE_SIGN_STYLE = Automatic;
				CURRENT_PROJECT_VERSION = 1;
				DEVELOPMENT_TEAM = W28WX8W2PV;
				GENERATE_INFOPLIST_FILE = YES;
				INFOPLIST_FILE = CoreDataTest/Info.plist;
				INFOPLIST_KEY_UIApplicationSupportsIndirectInputEvents = YES;
				INFOPLIST_KEY_UILaunchStoryboardName = LaunchScreen;
				INFOPLIST_KEY_UIMainStoryboardFile = Main;
				INFOPLIST_KEY_UISupportedInterfaceOrientations_iPad = "UIInterfaceOrientationPortrait UIInterfaceOrientationPortraitUpsideDown UIInterfaceOrientationLandscapeLeft UIInterfaceOrientationLandscapeRight";
				INFOPLIST_KEY_UISupportedInterfaceOrientations_iPhone = "UIInterfaceOrientationPortrait UIInterfaceOrientationLandscapeLeft UIInterfaceOrientationLandscapeRight";
				LD_RUNPATH_SEARCH_PATHS = (
					"$(inherited)",
					"@executable_path/Frameworks",
				);
				MARKETING_VERSION = 1.0;
				PRODUCT_BUNDLE_IDENTIFIER = com.habv90.coreDataTest.CoreDataTest;
				PRODUCT_NAME = "$(TARGET_NAME)";
				SWIFT_EMIT_LOC_STRINGS = YES;
				SWIFT_VERSION = 5.0;
				TARGETED_DEVICE_FAMILY = "1,2";
			};
			name = Release;
		};
		89CFF4DB2949A2A500808FB3 /* Debug */ = {
			isa = XCBuildConfiguration;
			buildSettings = {
				ALWAYS_EMBED_SWIFT_STANDARD_LIBRARIES = YES;
				BUNDLE_LOADER = "$(TEST_HOST)";
				CODE_SIGN_STYLE = Automatic;
				CURRENT_PROJECT_VERSION = 1;
				DEVELOPMENT_TEAM = W28WX8W2PV;
				GENERATE_INFOPLIST_FILE = YES;
				IPHONEOS_DEPLOYMENT_TARGET = 15.5;
				MARKETING_VERSION = 1.0;
				PRODUCT_BUNDLE_IDENTIFIER = com.habv90.coreDataTest.CoreDataTestTests;
				PRODUCT_NAME = "$(TARGET_NAME)";
				SWIFT_EMIT_LOC_STRINGS = NO;
				SWIFT_VERSION = 5.0;
				TARGETED_DEVICE_FAMILY = "1,2";
				TEST_HOST = "$(BUILT_PRODUCTS_DIR)/CoreDataTest.app/CoreDataTest";
			};
			name = Debug;
		};
		89CFF4DC2949A2A500808FB3 /* Release */ = {
			isa = XCBuildConfiguration;
			buildSettings = {
				ALWAYS_EMBED_SWIFT_STANDARD_LIBRARIES = YES;
				BUNDLE_LOADER = "$(TEST_HOST)";
				CODE_SIGN_STYLE = Automatic;
				CURRENT_PROJECT_VERSION = 1;
				DEVELOPMENT_TEAM = W28WX8W2PV;
				GENERATE_INFOPLIST_FILE = YES;
				IPHONEOS_DEPLOYMENT_TARGET = 15.5;
				MARKETING_VERSION = 1.0;
				PRODUCT_BUNDLE_IDENTIFIER = com.habv90.coreDataTest.CoreDataTestTests;
				PRODUCT_NAME = "$(TARGET_NAME)";
				SWIFT_EMIT_LOC_STRINGS = NO;
				SWIFT_VERSION = 5.0;
				TARGETED_DEVICE_FAMILY = "1,2";
				TEST_HOST = "$(BUILT_PRODUCTS_DIR)/CoreDataTest.app/CoreDataTest";
			};
			name = Release;
		};
		89CFF4DE2949A2A500808FB3 /* Debug */ = {
			isa = XCBuildConfiguration;
			buildSettings = {
				ALWAYS_EMBED_SWIFT_STANDARD_LIBRARIES = YES;
				CODE_SIGN_STYLE = Automatic;
				CURRENT_PROJECT_VERSION = 1;
				DEVELOPMENT_TEAM = W28WX8W2PV;
				GENERATE_INFOPLIST_FILE = YES;
				MARKETING_VERSION = 1.0;
				PRODUCT_BUNDLE_IDENTIFIER = com.habv90.coreDataTest.CoreDataTestUITests;
				PRODUCT_NAME = "$(TARGET_NAME)";
				SWIFT_EMIT_LOC_STRINGS = NO;
				SWIFT_VERSION = 5.0;
				TARGETED_DEVICE_FAMILY = "1,2";
				TEST_TARGET_NAME = CoreDataTest;
			};
			name = Debug;
		};
		89CFF4DF2949A2A500808FB3 /* Release */ = {
			isa = XCBuildConfiguration;
			buildSettings = {
				ALWAYS_EMBED_SWIFT_STANDARD_LIBRARIES = YES;
				CODE_SIGN_STYLE = Automatic;
				CURRENT_PROJECT_VERSION = 1;
				DEVELOPMENT_TEAM = W28WX8W2PV;
				GENERATE_INFOPLIST_FILE = YES;
				MARKETING_VERSION = 1.0;
				PRODUCT_BUNDLE_IDENTIFIER = com.habv90.coreDataTest.CoreDataTestUITests;
				PRODUCT_NAME = "$(TARGET_NAME)";
				SWIFT_EMIT_LOC_STRINGS = NO;
				SWIFT_VERSION = 5.0;
				TARGETED_DEVICE_FAMILY = "1,2";
				TEST_TARGET_NAME = CoreDataTest;
			};
			name = Release;
		};
/* End XCBuildConfiguration section */

/* Begin XCConfigurationList section */
		89CFF4A52949A2A300808FB3 /* Build configuration list for PBXProject "CoreDataTest" */ = {
			isa = XCConfigurationList;
			buildConfigurations = (
				89CFF4D52949A2A500808FB3 /* Debug */,
				89CFF4D62949A2A500808FB3 /* Release */,
			);
			defaultConfigurationIsVisible = 0;
			defaultConfigurationName = Release;
		};
		89CFF4D72949A2A500808FB3 /* Build configuration list for PBXNativeTarget "CoreDataTest" */ = {
			isa = XCConfigurationList;
			buildConfigurations = (
				89CFF4D82949A2A500808FB3 /* Debug */,
				89CFF4D92949A2A500808FB3 /* Release */,
			);
			defaultConfigurationIsVisible = 0;
			defaultConfigurationName = Release;
		};
		89CFF4DA2949A2A500808FB3 /* Build configuration list for PBXNativeTarget "CoreDataTestTests" */ = {
			isa = XCConfigurationList;
			buildConfigurations = (
				89CFF4DB2949A2A500808FB3 /* Debug */,
				89CFF4DC2949A2A500808FB3 /* Release */,
			);
			defaultConfigurationIsVisible = 0;
			defaultConfigurationName = Release;
		};
		89CFF4DD2949A2A500808FB3 /* Build configuration list for PBXNativeTarget "CoreDataTestUITests" */ = {
			isa = XCConfigurationList;
			buildConfigurations = (
				89CFF4DE2949A2A500808FB3 /* Debug */,
				89CFF4DF2949A2A500808FB3 /* Release */,
			);
			defaultConfigurationIsVisible = 0;
			defaultConfigurationName = Release;
		};
/* End XCConfigurationList section */

/* Begin XCVersionGroup section */
		89CFF4B62949A2A300808FB3 /* CoreDataTest.xcdatamodeld */ = {
			isa = XCVersionGroup;
			children = (
				89CFF4B72949A2A300808FB3 /* CoreDataTest.xcdatamodel */,
			);
			currentVersion = 89CFF4B72949A2A300808FB3 /* CoreDataTest.xcdatamodel */;
			path = CoreDataTest.xcdatamodeld;
			sourceTree = "<group>";
			versionGroupType = wrapper.xcdatamodel;
		};
/* End XCVersionGroup section */
	};
	rootObject = 89CFF4A22949A2A300808FB3 /* Project object */;
}
